// !$*UTF8*$!
{
	archiveVersion = 1;
	classes = {
	};
	objectVersion = 50;
	objects = {

/* Begin PBXBuildFile section */
		FA1B28142252A4DF009AC38A /* AppDelegate.swift in Sources */ = {isa = PBXBuildFile; fileRef = FA1B28132252A4DF009AC38A /* AppDelegate.swift */; };
		FA1B28162252A4DF009AC38A /* ViewController.swift in Sources */ = {isa = PBXBuildFile; fileRef = FA1B28152252A4DF009AC38A /* ViewController.swift */; };
		FA1B28192252A4DF009AC38A /* Main.storyboard in Resources */ = {isa = PBXBuildFile; fileRef = FA1B28172252A4DF009AC38A /* Main.storyboard */; };
		FA1B281B2252A4E0009AC38A /* Assets.xcassets in Resources */ = {isa = PBXBuildFile; fileRef = FA1B281A2252A4E0009AC38A /* Assets.xcassets */; };
		FA1B281E2252A4E1009AC38A /* LaunchScreen.storyboard in Resources */ = {isa = PBXBuildFile; fileRef = FA1B281C2252A4E1009AC38A /* LaunchScreen.storyboard */; };
		FA1B28262252A54B009AC38A /* GameViewController.swift in Sources */ = {isa = PBXBuildFile; fileRef = FA1B28252252A54B009AC38A /* GameViewController.swift */; };
		FA1B28282252AAF4009AC38A /* ConfigViewController.swift in Sources */ = {isa = PBXBuildFile; fileRef = FA1B28272252AAF4009AC38A /* ConfigViewController.swift */; };
/* End PBXBuildFile section */

/* Begin PBXFileReference section */
		FA1B28102252A4DF009AC38A /* MatchEmTab.app */ = {isa = PBXFileReference; explicitFileType = wrapper.application; includeInIndex = 0; path = MatchEmTab.app; sourceTree = BUILT_PRODUCTS_DIR; };
		FA1B28132252A4DF009AC38A /* AppDelegate.swift */ = {isa = PBXFileReference; lastKnownFileType = sourcecode.swift; path = AppDelegate.swift; sourceTree = "<group>"; };
		FA1B28152252A4DF009AC38A /* ViewController.swift */ = {isa = PBXFileReference; lastKnownFileType = sourcecode.swift; path = ViewController.swift; sourceTree = "<group>"; };
		FA1B28182252A4DF009AC38A /* Base */ = {isa = PBXFileReference; lastKnownFileType = file.storyboard; name = Base; path = Base.lproj/Main.storyboard; sourceTree = "<group>"; };
		FA1B281A2252A4E0009AC38A /* Assets.xcassets */ = {isa = PBXFileReference; lastKnownFileType = folder.assetcatalog; path = Assets.xcassets; sourceTree = "<group>"; };
		FA1B281D2252A4E1009AC38A /* Base */ = {isa = PBXFileReference; lastKnownFileType = file.storyboard; name = Base; path = Base.lproj/LaunchScreen.storyboard; sourceTree = "<group>"; };
		FA1B281F2252A4E1009AC38A /* Info.plist */ = {isa = PBXFileReference; lastKnownFileType = text.plist.xml; path = Info.plist; sourceTree = "<group>"; };
		FA1B28252252A54B009AC38A /* GameViewController.swift */ = {isa = PBXFileReference; lastKnownFileType = sourcecode.swift; path = GameViewController.swift; sourceTree = "<group>"; };
		FA1B28272252AAF4009AC38A /* ConfigViewController.swift */ = {isa = PBXFileReference; lastKnownFileType = sourcecode.swift; path = ConfigViewController.swift; sourceTree = "<group>"; };
/* End PBXFileReference section */

/* Begin PBXFrameworksBuildPhase section */
		FA1B280D2252A4DF009AC38A /* Frameworks */ = {
			isa = PBXFrameworksBuildPhase;
			buildActionMask = 2147483647;
			files = (
			);
			runOnlyForDeploymentPostprocessing = 0;
		};
/* End PBXFrameworksBuildPhase section */

/* Begin PBXGroup section */
		FA1B28072252A4DF009AC38A = {
			isa = PBXGroup;
			children = (
				FA1B28122252A4DF009AC38A /* MatchEmTab */,
				FA1B28112252A4DF009AC38A /* Products */,
			);
			sourceTree = "<group>";
		};
		FA1B28112252A4DF009AC38A /* Products */ = {
			isa = PBXGroup;
			children = (
				FA1B28102252A4DF009AC38A /* MatchEmTab.app */,
			);
			name = Products;
			sourceTree = "<group>";
		};
		FA1B28122252A4DF009AC38A /* MatchEmTab */ = {
			isa = PBXGroup;
			children = (
				FA1B28132252A4DF009AC38A /* AppDelegate.swift */,
				FA1B28152252A4DF009AC38A /* ViewController.swift */,
				FA1B28172252A4DF009AC38A /* Main.storyboard */,
				FA1B281A2252A4E0009AC38A /* Assets.xcassets */,
				FA1B281C2252A4E1009AC38A /* LaunchScreen.storyboard */,
				FA1B281F2252A4E1009AC38A /* Info.plist */,
				FA1B28252252A54B009AC38A /* GameViewController.swift */,
				FA1B28272252AAF4009AC38A /* ConfigViewController.swift */,
			);
			path = MatchEmTab;
			sourceTree = "<group>";
		};
/* End PBXGroup section */

/* Begin PBXNativeTarget section */
		FA1B280F2252A4DF009AC38A /* MatchEmTab */ = {
			isa = PBXNativeTarget;
			buildConfigurationList = FA1B28222252A4E1009AC38A /* Build configuration list for PBXNativeTarget "MatchEmTab" */;
			buildPhases = (
				FA1B280C2252A4DF009AC38A /* Sources */,
				FA1B280D2252A4DF009AC38A /* Frameworks */,
				FA1B280E2252A4DF009AC38A /* Resources */,
			);
			buildRules = (
			);
			dependencies = (
			);
			name = MatchEmTab;
			productName = MatchEmTab;
			productReference = FA1B28102252A4DF009AC38A /* MatchEmTab.app */;
			productType = "com.apple.product-type.application";
		};
/* End PBXNativeTarget section */

/* Begin PBXProject section */
		FA1B28082252A4DF009AC38A /* Project object */ = {
			isa = PBXProject;
			attributes = {
				LastSwiftUpdateCheck = 1010;
				LastUpgradeCheck = 1010;
				ORGANIZATIONNAME = alex;
				TargetAttributes = {
					FA1B280F2252A4DF009AC38A = {
						CreatedOnToolsVersion = 10.1;
					};
				};
			};
			buildConfigurationList = FA1B280B2252A4DF009AC38A /* Build configuration list for PBXProject "MatchEmTab" */;
			compatibilityVersion = "Xcode 9.3";
			developmentRegion = en;
			hasScannedForEncodings = 0;
			knownRegions = (
				en,
				Base,
			);
			mainGroup = FA1B28072252A4DF009AC38A;
			productRefGroup = FA1B28112252A4DF009AC38A /* Products */;
			projectDirPath = "";
			projectRoot = "";
			targets = (
				FA1B280F2252A4DF009AC38A /* MatchEmTab */,
			);
		};
/* End PBXProject section */

/* Begin PBXResourcesBuildPhase section */
		FA1B280E2252A4DF009AC38A /* Resources */ = {
			isa = PBXResourcesBuildPhase;
			buildActionMask = 2147483647;
			files = (
				FA1B281E2252A4E1009AC38A /* LaunchScreen.storyboard in Resources */,
				FA1B281B2252A4E0009AC38A /* Assets.xcassets in Resources */,
				FA1B28192252A4DF009AC38A /* Main.storyboard in Resources */,
			);
			runOnlyForDeploymentPostprocessing = 0;
		};
/* End PBXResourcesBuildPhase section */

/* Begin PBXSourcesBuildPhase section */
		FA1B280C2252A4DF009AC38A /* Sources */ = {
			isa = PBXSourcesBuildPhase;
			buildActionMask = 2147483647;
			files = (
				FA1B28162252A4DF009AC38A /* ViewController.swift in Sources */,
				FA1B28262252A54B009AC38A /* GameViewController.swift in Sources */,
				FA1B28282252AAF4009AC38A /* ConfigViewController.swift in Sources */,
				FA1B28142252A4DF009AC38A /* AppDelegate.swift in Sources */,
			);
			runOnlyForDeploymentPostprocessing = 0;
		};
/* End PBXSourcesBuildPhase section */

/* Begin PBXVariantGroup section */
		FA1B28172252A4DF009AC38A /* Main.storyboard */ = {
			isa = PBXVariantGroup;
			children = (
				FA1B28182252A4DF009AC38A /* Base */,
			);
			name = Main.storyboard;
			sourceTree = "<group>";
		};
		FA1B281C2252A4E1009AC38A /* LaunchScreen.storyboard */ = {
			isa = PBXVariantGroup;
			children = (
				FA1B281D2252A4E1009AC38A /* Base */,
			);
			name = LaunchScreen.storyboard;
			sourceTree = "<group>";
		};
/* End PBXVariantGroup section */

/* Begin XCBuildConfiguration section */
		FA1B28202252A4E1009AC38A /* Debug */ = {
			isa = XCBuildConfiguration;
			buildSettings = {
				ALWAYS_SEARCH_USER_PATHS = NO;
				CLANG_ANALYZER_NONNULL = YES;
				CLANG_ANALYZER_NUMBER_OBJECT_CONVERSION = YES_AGGRESSIVE;
				CLANG_CXX_LANGUAGE_STANDARD = "gnu++14";
				CLANG_CXX_LIBRARY = "libc++";
				CLANG_ENABLE_MODULES = YES;
				CLANG_ENABLE_OBJC_ARC = YES;
				CLANG_ENABLE_OBJC_WEAK = YES;
				CLANG_WARN_BLOCK_CAPTURE_AUTORELEASING = YES;
				CLANG_WARN_BOOL_CONVERSION = YES;
				CLANG_WARN_COMMA = YES;
				CLANG_WARN_CONSTANT_CONVERSION = YES;
				CLANG_WARN_DEPRECATED_OBJC_IMPLEMENTATIONS = YES;
				CLANG_WARN_DIRECT_OBJC_ISA_USAGE = YES_ERROR;
				CLANG_WARN_DOCUMENTATION_COMMENTS = YES;
				CLANG_WARN_EMPTY_BODY = YES;
				CLANG_WARN_ENUM_CONVERSION = YES;
				CLANG_WARN_INFINITE_RECURSION = YES;
				CLANG_WARN_INT_CONVERSION = YES;
				CLANG_WARN_NON_LITERAL_NULL_CONVERSION = YES;
				CLANG_WARN_OBJC_IMPLICIT_RETAIN_SELF = YES;
				CLANG_WARN_OBJC_LITERAL_CONVERSION = YES;
				CLANG_WARN_OBJC_ROOT_CLASS = YES_ERROR;
				CLANG_WARN_RANGE_LOOP_ANALYSIS = YES;
				CLANG_WARN_STRICT_PROTOTYPES = YES;
				CLANG_WARN_SUSPICIOUS_MOVE = YES;
				CLANG_WARN_UNGUARDED_AVAILABILITY = YES_AGGRESSIVE;
				CLANG_WARN_UNREACHABLE_CODE = YES;
				CLANG_WARN__DUPLICATE_METHOD_MATCH = YES;
				CODE_SIGN_IDENTITY = "iPhone Developer";
				COPY_PHASE_STRIP = NO;
				DEBUG_INFORMATION_FORMAT = dwarf;
				ENABLE_STRICT_OBJC_MSGSEND = YES;
				ENABLE_TESTABILITY = YES;
				GCC_C_LANGUAGE_STANDARD = gnu11;
				GCC_DYNAMIC_NO_PIC = NO;
				GCC_NO_COMMON_BLOCKS = YES;
				GCC_OPTIMIZATION_LEVEL = 0;
				GCC_PREPROCESSOR_DEFINITIONS = (
					"DEBUG=1",
					"$(inherited)",
				);
				GCC_WARN_64_TO_32_BIT_CONVERSION = YES;
				GCC_WARN_ABOUT_RETURN_TYPE = YES_ERROR;
				GCC_WARN_UNDECLARED_SELECTOR = YES;
				GCC_WARN_UNINITIALIZED_AUTOS = YES_AGGRESSIVE;
				GCC_WARN_UNUSED_FUNCTION = YES;
				GCC_WARN_UNUSED_VARIABLE = YES;
				IPHONEOS_DEPLOYMENT_TARGET = 12.1;
				MTL_ENABLE_DEBUG_INFO = INCLUDE_SOURCE;
				MTL_FAST_MATH = YES;
				ONLY_ACTIVE_ARCH = YES;
				SDKROOT = iphoneos;
				SWIFT_ACTIVE_COMPILATION_CONDITIONS = DEBUG;
				SWIFT_OPTIMIZATION_LEVEL = "-Onone";
			};
			name = Debug;
		};
		FA1B28212252A4E1009AC38A /* Release */ = {
			isa = XCBuildConfiguration;
			buildSettings = {
				ALWAYS_SEARCH_USER_PATHS = NO;
				CLANG_ANALYZER_NONNULL = YES;
				CLANG_ANALYZER_NUMBER_OBJECT_CONVERSION = YES_AGGRESSIVE;
				CLANG_CXX_LANGUAGE_STANDARD = "gnu++14";
				CLANG_CXX_LIBRARY = "libc++";
				CLANG_ENABLE_MODULES = YES;
				CLANG_ENABLE_OBJC_ARC = YES;
				CLANG_ENABLE_OBJC_WEAK = YES;
				CLANG_WARN_BLOCK_CAPTURE_AUTORELEASING = YES;
				CLANG_WARN_BOOL_CONVERSION = YES;
				CLANG_WARN_COMMA = YES;
				CLANG_WARN_CONSTANT_CONVERSION = YES;
				CLANG_WARN_DEPRECATED_OBJC_IMPLEMENTATIONS = YES;
				CLANG_WARN_DIRECT_OBJC_ISA_USAGE = YES_ERROR;
				CLANG_WARN_DOCUMENTATION_COMMENTS = YES;
				CLANG_WARN_EMPTY_BODY = YES;
				CLANG_WARN_ENUM_CONVERSION = YES;
				CLANG_WARN_INFINITE_RECURSION = YES;
				CLANG_WARN_INT_CONVERSION = YES;
				CLANG_WARN_NON_LITERAL_NULL_CONVERSION = YES;
				CLANG_WARN_OBJC_IMPLICIT_RETAIN_SELF = YES;
				CLANG_WARN_OBJC_LITERAL_CONVERSION = YES;
				CLANG_WARN_OBJC_ROOT_CLASS = YES_ERROR;
				CLANG_WARN_RANGE_LOOP_ANALYSIS = YES;
				CLANG_WARN_STRICT_PROTOTYPES = YES;
				CLANG_WARN_SUSPICIOUS_MOVE = YES;
				CLANG_WARN_UNGUARDED_AVAILABILITY = YES_AGGRESSIVE;
				CLANG_WARN_UNREACHABLE_CODE = YES;
				CLANG_WARN__DUPLICATE_METHOD_MATCH = YES;
				CODE_SIGN_IDENTITY = "iPhone Developer";
				COPY_PHASE_STRIP = NO;
				DEBUG_INFORMATION_FORMAT = "dwarf-with-dsym";
				ENABLE_NS_ASSERTIONS = NO;
				ENABLE_STRICT_OBJC_MSGSEND = YES;
				GCC_C_LANGUAGE_STANDARD = gnu11;
				GCC_NO_COMMON_BLOCKS = YES;
				GCC_WARN_64_TO_32_BIT_CONVERSION = YES;
				GCC_WARN_ABOUT_RETURN_TYPE = YES_ERROR;
				GCC_WARN_UNDECLARED_SELECTOR = YES;
				GCC_WARN_UNINITIALIZED_AUTOS = YES_AGGRESSIVE;
				GCC_WARN_UNUSED_FUNCTION = YES;
				GCC_WARN_UNUSED_VARIABLE = YES;
				IPHONEOS_DEPLOYMENT_TARGET = 12.1;
				MTL_ENABLE_DEBUG_INFO = NO;
				MTL_FAST_MATH = YES;
				SDKROOT = iphoneos;
				SWIFT_COMPILATION_MODE = wholemodule;
				SWIFT_OPTIMIZATION_LEVEL = "-O";
				VALIDATE_PRODUCT = YES;
			};
			name = Release;
		};
		FA1B28232252A4E1009AC38A /* Debug */ = {
			isa = XCBuildConfiguration;
			buildSettings = {
				ASSETCATALOG_COMPILER_APPICON_NAME = AppIcon;
				CODE_SIGN_STYLE = Automatic;
				DEVELOPMENT_TEAM = XN3Z2S3GBH;
				INFOPLIST_FILE = MatchEmTab/Info.plist;
				LD_RUNPATH_SEARCH_PATHS = (
					"$(inherited)",
					"@executable_path/Frameworks",
				);
				PRODUCT_BUNDLE_IDENTIFIER = com.github.brojowski.MatchEmTab;
				PRODUCT_NAME = "$(TARGET_NAME)";
				SWIFT_VERSION = 4.2;
				TARGETED_DEVICE_FAMILY = "1,2";
			};
			name = Debug;
		};
		FA1B28242252A4E1009AC38A /* Release */ = {
			isa = XCBuildConfiguration;
			buildSettings = {
				ASSETCATALOG_COMPILER_APPICON_NAME = AppIcon;
				CODE_SIGN_STYLE = Automatic;
				DEVELOPMENT_TEAM = XN3Z2S3GBH;
				INFOPLIST_FILE = MatchEmTab/Info.plist;
				LD_RUNPATH_SEARCH_PATHS = (
					"$(inherited)",
					"@executable_path/Frameworks",
				);
				PRODUCT_BUNDLE_IDENTIFIER = com.github.brojowski.MatchEmTab;
				PRODUCT_NAME = "$(TARGET_NAME)";
				SWIFT_VERSION = 4.2;
				TARGETED_DEVICE_FAMILY = "1,2";
			};
			name = Release;
		};
/* End XCBuildConfiguration section */

/* Begin XCConfigurationList section */
		FA1B280B2252A4DF009AC38A /* Build configuration list for PBXProject "MatchEmTab" */ = {
			isa = XCConfigurationList;
			buildConfigurations = (
				FA1B28202252A4E1009AC38A /* Debug */,
				FA1B28212252A4E1009AC38A /* Release */,
			);
			defaultConfigurationIsVisible = 0;
			defaultConfigurationName = Release;
		};
		FA1B28222252A4E1009AC38A /* Build configuration list for PBXNativeTarget "MatchEmTab" */ = {
			isa = XCConfigurationList;
			buildConfigurations = (
				FA1B28232252A4E1009AC38A /* Debug */,
				FA1B28242252A4E1009AC38A /* Release */,
			);
			defaultConfigurationIsVisible = 0;
			defaultConfigurationName = Release;
		};
/* End XCConfigurationList section */
	};
	rootObject = FA1B28082252A4DF009AC38A /* Project object */;
}
